
Microsoft Visual Studio Solution File, Format Version 12.00
# Visual Studio Version 17
VisualStudioVersion = 17.4.33110.190
MinimumVisualStudioVersion = 10.0.40219.1
Project("{FAE04EC0-301F-11D3-BF4B-00C04F79EFBC}") = "BTL_dodgem", "BTL_dodgem\BTL_dodgem.csproj", "{DE10D252-F4ED-4E41-B45C-580A3E8A5F69}"
EndProject
Global
	GlobalSection(SolutionConfigurationPlatforms) = preSolution
		Debug|Any CPU = Debug|Any CPU
		Release|Any CPU = Release|Any CPU
	EndGlobalSection
	GlobalSection(ProjectConfigurationPlatforms) = postSolution
		{DE10D252-F4ED-4E41-B45C-580A3E8A5F69}.Debug|Any CPU.ActiveCfg = Debug|Any CPU
		{DE10D252-F4ED-4E41-B45C-580A3E8A5F69}.Debug|Any CPU.Build.0 = Debug|Any CPU
		{DE10D252-F4ED-4E41-B45C-580A3E8A5F69}.Release|Any CPU.ActiveCfg = Release|Any CPU
		{DE10D252-F4ED-4E41-B45C-580A3E8A5F69}.Release|Any CPU.Build.0 = Release|Any CPU
	EndGlobalSection
	GlobalSection(SolutionProperties) = preSolution
		HideSolutionNode = FALSE
	EndGlobalSection
	GlobalSection(ExtensibilityGlobals) = postSolution
		SolutionGuid = {B39A7DF9-56FF-40A6-8ED6-091D29CAA40C}
	EndGlobalSection
EndGlobal
